
Microsoft Visual Studio Solution File, Format Version 12.00
# Visual Studio 15
VisualStudioVersion = 15.0.28307.421
MinimumVisualStudioVersion = 10.0.40219.1
Project("{FAE04EC0-301F-11D3-BF4B-00C04F79EFBC}") = "EduAtmo", "EduAtmo\EduAtmo.csproj", "{BD2C1049-E38D-40BC-9DE1-40CBD75703F9}"
EndProject
Global
	GlobalSection(SolutionConfigurationPlatforms) = preSolution
		Debug|Any CPU = Debug|Any CPU
		Release|Any CPU = Release|Any CPU
	EndGlobalSection
	GlobalSection(ProjectConfigurationPlatforms) = postSolution
		{BD2C1049-E38D-40BC-9DE1-40CBD75703F9}.Debug|Any CPU.ActiveCfg = Debug|Any CPU
		{BD2C1049-E38D-40BC-9DE1-40CBD75703F9}.Debug|Any CPU.Build.0 = Debug|Any CPU
		{BD2C1049-E38D-40BC-9DE1-40CBD75703F9}.Release|Any CPU.ActiveCfg = Release|Any CPU
		{BD2C1049-E38D-40BC-9DE1-40CBD75703F9}.Release|Any CPU.Build.0 = Release|Any CPU
	EndGlobalSection
	GlobalSection(SolutionProperties) = preSolution
		HideSolutionNode = FALSE
	EndGlobalSection
	GlobalSection(ExtensibilityGlobals) = postSolution
		SolutionGuid = {62CCEAC4-0741-449F-AED9-B855FBE17276}
	EndGlobalSection
EndGlobal
